
Microsoft Visual Studio Solution File, Format Version 12.00
# Visual Studio Version 17
VisualStudioVersion = 17.9.34616.47
MinimumVisualStudioVersion = 10.0.40219.1
Project("{FAE04EC0-301F-11D3-BF4B-00C04F79EFBC}") = "ImageDemo", "ImageDemo\ImageDemo.csproj", "{1976A104-3750-4E85-A98C-F4A19CE703D5}"
EndProject
Global
	GlobalSection(SolutionConfigurationPlatforms) = preSolution
		Debug|Any CPU = Debug|Any CPU
		Release|Any CPU = Release|Any CPU
	EndGlobalSection
	GlobalSection(ProjectConfigurationPlatforms) = postSolution
		{1976A104-3750-4E85-A98C-F4A19CE703D5}.Debug|Any CPU.ActiveCfg = Debug|Any CPU
		{1976A104-3750-4E85-A98C-F4A19CE703D5}.Debug|Any CPU.Build.0 = Debug|Any CPU
		{1976A104-3750-4E85-A98C-F4A19CE703D5}.Release|Any CPU.ActiveCfg = Release|Any CPU
		{1976A104-3750-4E85-A98C-F4A19CE703D5}.Release|Any CPU.Build.0 = Release|Any CPU
	EndGlobalSection
	GlobalSection(SolutionProperties) = preSolution
		HideSolutionNode = FALSE
	EndGlobalSection
	GlobalSection(ExtensibilityGlobals) = postSolution
		SolutionGuid = {E80002E2-AD81-49CC-8236-DC6B1B642C9A}
	EndGlobalSection
EndGlobal
